
Microsoft Visual Studio Solution File, Format Version 12.00
Project("{2150E333-8FDC-42A3-9474-1A3956D46DE8}") = "src", "src", "{ADF3B3C7-D1CC-4CF1-8405-D933C3F74C7B}"
EndProject
Project("{2150E333-8FDC-42A3-9474-1A3956D46DE8}") = "Web.API", "Web.API", "{76DFF0BD-32D7-4D3C-9753-B0BCB11AB6C2}"
EndProject
Project("{2150E333-8FDC-42A3-9474-1A3956D46DE8}") = "Web.Client", "Web.Client", "{88E39B6E-1368-4E97-9B68-071CE3D0E0D8}"
EndProject
Project("{FAE04EC0-301F-11D3-BF4B-00C04F79EFBC}") = "FandNCloud.Core", "FandNCloud.Core\FandNCloud.Core.csproj", "{803C1B49-F4D8-4F8B-8BAA-A049756E458D}"
EndProject
Project("{FAE04EC0-301F-11D3-BF4B-00C04F79EFBC}") = "FandNCloud.Data", "FandNCloud.Data\FandNCloud.Data.csproj", "{17C067EE-6C3B-446C-A646-C7A6F28D1BDE}"
EndProject
Project("{FAE04EC0-301F-11D3-BF4B-00C04F79EFBC}") = "FandNCloud.Data.MongoDB", "FandNCloud.Data.MongoDB\FandNCloud.Data.MongoDB.csproj", "{9E70CD37-FB63-49E8-9084-BFBC66A33374}"
EndProject
Project("{FAE04EC0-301F-11D3-BF4B-00C04F79EFBC}") = "FandNCloud.Services", "FandNCloud.Services\FandNCloud.Services.csproj", "{D5A09680-9273-44D4-A212-1C419C6F0FE3}"
EndProject
Project("{FAE04EC0-301F-11D3-BF4B-00C04F79EFBC}") = "FandNCloud.API", "FandNCloud.API\FandNCloud.API.csproj", "{5267D31C-8074-4074-B379-CBA7BA02E9B1}"
EndProject
Global
	GlobalSection(SolutionConfigurationPlatforms) = preSolution
		Debug|Any CPU = Debug|Any CPU
		Release|Any CPU = Release|Any CPU
	EndGlobalSection
	GlobalSection(NestedProjects) = preSolution
		{76DFF0BD-32D7-4D3C-9753-B0BCB11AB6C2} = {ADF3B3C7-D1CC-4CF1-8405-D933C3F74C7B}
		{88E39B6E-1368-4E97-9B68-071CE3D0E0D8} = {ADF3B3C7-D1CC-4CF1-8405-D933C3F74C7B}
		{803C1B49-F4D8-4F8B-8BAA-A049756E458D} = {76DFF0BD-32D7-4D3C-9753-B0BCB11AB6C2}
		{17C067EE-6C3B-446C-A646-C7A6F28D1BDE} = {76DFF0BD-32D7-4D3C-9753-B0BCB11AB6C2}
		{9E70CD37-FB63-49E8-9084-BFBC66A33374} = {76DFF0BD-32D7-4D3C-9753-B0BCB11AB6C2}
		{D5A09680-9273-44D4-A212-1C419C6F0FE3} = {76DFF0BD-32D7-4D3C-9753-B0BCB11AB6C2}
		{5267D31C-8074-4074-B379-CBA7BA02E9B1} = {76DFF0BD-32D7-4D3C-9753-B0BCB11AB6C2}
	EndGlobalSection
	GlobalSection(ProjectConfigurationPlatforms) = postSolution
		{803C1B49-F4D8-4F8B-8BAA-A049756E458D}.Debug|Any CPU.ActiveCfg = Debug|Any CPU
		{803C1B49-F4D8-4F8B-8BAA-A049756E458D}.Debug|Any CPU.Build.0 = Debug|Any CPU
		{803C1B49-F4D8-4F8B-8BAA-A049756E458D}.Release|Any CPU.ActiveCfg = Release|Any CPU
		{803C1B49-F4D8-4F8B-8BAA-A049756E458D}.Release|Any CPU.Build.0 = Release|Any CPU
		{17C067EE-6C3B-446C-A646-C7A6F28D1BDE}.Debug|Any CPU.ActiveCfg = Debug|Any CPU
		{17C067EE-6C3B-446C-A646-C7A6F28D1BDE}.Debug|Any CPU.Build.0 = Debug|Any CPU
		{17C067EE-6C3B-446C-A646-C7A6F28D1BDE}.Release|Any CPU.ActiveCfg = Release|Any CPU
		{17C067EE-6C3B-446C-A646-C7A6F28D1BDE}.Release|Any CPU.Build.0 = Release|Any CPU
		{9E70CD37-FB63-49E8-9084-BFBC66A33374}.Debug|Any CPU.ActiveCfg = Debug|Any CPU
		{9E70CD37-FB63-49E8-9084-BFBC66A33374}.Debug|Any CPU.Build.0 = Debug|Any CPU
		{9E70CD37-FB63-49E8-9084-BFBC66A33374}.Release|Any CPU.ActiveCfg = Release|Any CPU
		{9E70CD37-FB63-49E8-9084-BFBC66A33374}.Release|Any CPU.Build.0 = Release|Any CPU
		{D5A09680-9273-44D4-A212-1C419C6F0FE3}.Debug|Any CPU.ActiveCfg = Debug|Any CPU
		{D5A09680-9273-44D4-A212-1C419C6F0FE3}.Debug|Any CPU.Build.0 = Debug|Any CPU
		{D5A09680-9273-44D4-A212-1C419C6F0FE3}.Release|Any CPU.ActiveCfg = Release|Any CPU
		{D5A09680-9273-44D4-A212-1C419C6F0FE3}.Release|Any CPU.Build.0 = Release|Any CPU
		{5267D31C-8074-4074-B379-CBA7BA02E9B1}.Debug|Any CPU.ActiveCfg = Debug|Any CPU
		{5267D31C-8074-4074-B379-CBA7BA02E9B1}.Debug|Any CPU.Build.0 = Debug|Any CPU
		{5267D31C-8074-4074-B379-CBA7BA02E9B1}.Release|Any CPU.ActiveCfg = Release|Any CPU
		{5267D31C-8074-4074-B379-CBA7BA02E9B1}.Release|Any CPU.Build.0 = Release|Any CPU
	EndGlobalSection
EndGlobal
